lockfileVersion: 5.4

importers:

  .:
    specifiers:
      '@pearofducks/duo-core': workspace:*
      '@pearofducks/duo-preset-fabric': workspace:*
    devDependencies:
      '@pearofducks/duo-core': link:core
      '@pearofducks/duo-preset-fabric': link:preset-mini

  core:
    specifiers: {}

  preset-mini:
    specifiers:
      '@unocss/core': workspace:@pearofducks/duo-core@*
      mini-svg-data-uri: ^1.4.4
    dependencies:
      '@unocss/core': link:../core
      mini-svg-data-uri: 1.4.4

packages:

  /mini-svg-data-uri/1.4.4:
    resolution: {integrity: sha512-r9deDe9p5FJUPZAk3A59wGH7Ii9YrjjWw0jmw/liSbHl2CHiyXj6FcDXDu2K3TjVAXqiJdaw3xxwlZZr9E6nHg==}
    hasBin: true
    dev: false
