lockfileVersion: 5.4

importers:

  .:
    specifiers:
      '@pearofducks/duo-core': workspace:*
      '@pearofducks/duo-preset-fabric': workspace:*
    devDependencies:
      '@pearofducks/duo-core': link:core
      '@pearofducks/duo-preset-fabric': link:preset-mini

  core:
    specifiers: {}

  preset-mini:
    specifiers:
      '@unocss/core': workspace:@pearofducks/duo-core@*
    dependencies:
      '@unocss/core': link:../core
